
Microsoft Visual Studio Solution File, Format Version 12.00
# Visual Studio Version 17
VisualStudioVersion = 17.7.34031.279
MinimumVisualStudioVersion = 10.0.40219.1
Project("{FAE04EC0-301F-11D3-BF4B-00C04F79EFBC}") = "Todo", "Todo\Todo.csproj", "{45B5083E-FACE-4582-A7E2-5FC325AB212E}"
	ProjectSection(ProjectDependencies) = postProject
		{9AACA786-4459-4CDF-92DC-EF5D081914CC} = {9AACA786-4459-4CDF-92DC-EF5D081914CC}
	EndProjectSection
EndProject
Project("{FAE04EC0-301F-11D3-BF4B-00C04F79EFBC}") = "Todo.Entities", "Todo.Entities\Todo.Entities.csproj", "{9AACA786-4459-4CDF-92DC-EF5D081914CC}"
EndProject
Global
	GlobalSection(SolutionConfigurationPlatforms) = preSolution
		Debug|Any CPU = Debug|Any CPU
		Release|Any CPU = Release|Any CPU
	EndGlobalSection
	GlobalSection(ProjectConfigurationPlatforms) = postSolution
		{45B5083E-FACE-4582-A7E2-5FC325AB212E}.Debug|Any CPU.ActiveCfg = Debug|Any CPU
		{45B5083E-FACE-4582-A7E2-5FC325AB212E}.Debug|Any CPU.Build.0 = Debug|Any CPU
		{45B5083E-FACE-4582-A7E2-5FC325AB212E}.Release|Any CPU.ActiveCfg = Release|Any CPU
		{45B5083E-FACE-4582-A7E2-5FC325AB212E}.Release|Any CPU.Build.0 = Release|Any CPU
		{9AACA786-4459-4CDF-92DC-EF5D081914CC}.Debug|Any CPU.ActiveCfg = Debug|Any CPU
		{9AACA786-4459-4CDF-92DC-EF5D081914CC}.Debug|Any CPU.Build.0 = Debug|Any CPU
		{9AACA786-4459-4CDF-92DC-EF5D081914CC}.Release|Any CPU.ActiveCfg = Release|Any CPU
		{9AACA786-4459-4CDF-92DC-EF5D081914CC}.Release|Any CPU.Build.0 = Release|Any CPU
	EndGlobalSection
	GlobalSection(SolutionProperties) = preSolution
		HideSolutionNode = FALSE
	EndGlobalSection
	GlobalSection(ExtensibilityGlobals) = postSolution
		SolutionGuid = {4BA15716-2CD1-4C50-9021-FD7EF2BED09F}
	EndGlobalSection
EndGlobal
